// !$*UTF8*$!
{
	archiveVersion = 1;
	classes = {
	};
	objectVersion = 46;
	objects = {

/* Begin PBXBuildFile section */
		41A08A161DD79A780025DB8E /* AppDelegate.swift in Sources */ = {isa = PBXBuildFile; fileRef = 41A08A151DD79A780025DB8E /* AppDelegate.swift */; };
		41A08A181DD79A780025DB8E /* ViewController.swift in Sources */ = {isa = PBXBuildFile; fileRef = 41A08A171DD79A780025DB8E /* ViewController.swift */; };
		41A08A1B1DD79A780025DB8E /* Main.storyboard in Resources */ = {isa = PBXBuildFile; fileRef = 41A08A191DD79A780025DB8E /* Main.storyboard */; };
		41A08A1E1DD79A780025DB8E /* Dulibui.xcdatamodeld in Sources */ = {isa = PBXBuildFile; fileRef = 41A08A1C1DD79A780025DB8E /* Dulibui.xcdatamodeld */; };
		41A08A201DD79A780025DB8E /* Assets.xcassets in Resources */ = {isa = PBXBuildFile; fileRef = 41A08A1F1DD79A780025DB8E /* Assets.xcassets */; };
		41A08A231DD79A780025DB8E /* LaunchScreen.storyboard in Resources */ = {isa = PBXBuildFile; fileRef = 41A08A211DD79A780025DB8E /* LaunchScreen.storyboard */; };
/* End PBXBuildFile section */

/* Begin PBXFileReference section */
		41A08A121DD79A780025DB8E /* Dulibui.app */ = {isa = PBXFileReference; explicitFileType = wrapper.application; includeInIndex = 0; path = Dulibui.app; sourceTree = BUILT_PRODUCTS_DIR; };
		41A08A151DD79A780025DB8E /* AppDelegate.swift */ = {isa = PBXFileReference; lastKnownFileType = sourcecode.swift; path = AppDelegate.swift; sourceTree = "<group>"; };
		41A08A171DD79A780025DB8E /* ViewController.swift */ = {isa = PBXFileReference; lastKnownFileType = sourcecode.swift; path = ViewController.swift; sourceTree = "<group>"; };
		41A08A1A1DD79A780025DB8E /* Base */ = {isa = PBXFileReference; lastKnownFileType = file.storyboard; name = Base; path = Base.lproj/Main.storyboard; sourceTree = "<group>"; };
		41A08A1D1DD79A780025DB8E /* Dulibui.xcdatamodel */ = {isa = PBXFileReference; lastKnownFileType = wrapper.xcdatamodel; path = Dulibui.xcdatamodel; sourceTree = "<group>"; };
		41A08A1F1DD79A780025DB8E /* Assets.xcassets */ = {isa = PBXFileReference; lastKnownFileType = folder.assetcatalog; path = Assets.xcassets; sourceTree = "<group>"; };
		41A08A221DD79A780025DB8E /* Base */ = {isa = PBXFileReference; lastKnownFileType = file.storyboard; name = Base; path = Base.lproj/LaunchScreen.storyboard; sourceTree = "<group>"; };
		41A08A241DD79A780025DB8E /* Info.plist */ = {isa = PBXFileReference; lastKnownFileType = text.plist.xml; path = Info.plist; sourceTree = "<group>"; };
/* End PBXFileReference section */

/* Begin PBXFrameworksBuildPhase section */
		41A08A0F1DD79A770025DB8E /* Frameworks */ = {
			isa = PBXFrameworksBuildPhase;
			buildActionMask = 2147483647;
			files = (
			);
			runOnlyForDeploymentPostprocessing = 0;
		};
/* End PBXFrameworksBuildPhase section */

/* Begin PBXGroup section */
		41A08A091DD79A770025DB8E = {
			isa = PBXGroup;
			children = (
				41A08A141DD79A780025DB8E /* Dulibui */,
				41A08A131DD79A780025DB8E /* Products */,
			);
			sourceTree = "<group>";
		};
		41A08A131DD79A780025DB8E /* Products */ = {
			isa = PBXGroup;
			children = (
				41A08A121DD79A780025DB8E /* Dulibui.app */,
			);
			name = Products;
			sourceTree = "<group>";
		};
		41A08A141DD79A780025DB8E /* Dulibui */ = {
			isa = PBXGroup;
			children = (
				41A08A151DD79A780025DB8E /* AppDelegate.swift */,
				41A08A171DD79A780025DB8E /* ViewController.swift */,
				41A08A191DD79A780025DB8E /* Main.storyboard */,
				41A08A1F1DD79A780025DB8E /* Assets.xcassets */,
				41A08A211DD79A780025DB8E /* LaunchScreen.storyboard */,
				41A08A241DD79A780025DB8E /* Info.plist */,
				41A08A1C1DD79A780025DB8E /* Dulibui.xcdatamodeld */,
			);
			path = Dulibui;
			sourceTree = "<group>";
		};
/* End PBXGroup section */

/* Begin PBXNativeTarget section */
		41A08A111DD79A770025DB8E /* Dulibui */ = {
			isa = PBXNativeTarget;
			buildConfigurationList = 41A08A271DD79A780025DB8E /* Build configuration list for PBXNativeTarget "Dulibui" */;
			buildPhases = (
				41A08A0E1DD79A770025DB8E /* Sources */,
				41A08A0F1DD79A770025DB8E /* Frameworks */,
				41A08A101DD79A770025DB8E /* Resources */,
			);
			buildRules = (
			);
			dependencies = (
			);
			name = Dulibui;
			productName = Dulibui;
			productReference = 41A08A121DD79A780025DB8E /* Dulibui.app */;
			productType = "com.apple.product-type.application";
		};
/* End PBXNativeTarget section */

/* Begin PBXProject section */
		41A08A0A1DD79A770025DB8E /* Project object */ = {
			isa = PBXProject;
			attributes = {
				LastSwiftUpdateCheck = 0810;
				LastUpgradeCheck = 0810;
				ORGANIZATIONNAME = "Nguyen Nam Long";
				TargetAttributes = {
					41A08A111DD79A770025DB8E = {
						CreatedOnToolsVersion = 8.1;
						ProvisioningStyle = Automatic;
					};
				};
			};
			buildConfigurationList = 41A08A0D1DD79A770025DB8E /* Build configuration list for PBXProject "Dulibui" */;
			compatibilityVersion = "Xcode 3.2";
			developmentRegion = English;
			hasScannedForEncodings = 0;
			knownRegions = (
				en,
				Base,
			);
			mainGroup = 41A08A091DD79A770025DB8E;
			productRefGroup = 41A08A131DD79A780025DB8E /* Products */;
			projectDirPath = "";
			projectRoot = "";
			targets = (
				41A08A111DD79A770025DB8E /* Dulibui */,
			);
		};
/* End PBXProject section */

/* Begin PBXResourcesBuildPhase section */
		41A08A101DD79A770025DB8E /* Resources */ = {
			isa = PBXResourcesBuildPhase;
			buildActionMask = 2147483647;
			files = (
				41A08A231DD79A780025DB8E /* LaunchScreen.storyboard in Resources */,
				41A08A201DD79A780025DB8E /* Assets.xcassets in Resources */,
				41A08A1B1DD79A780025DB8E /* Main.storyboard in Resources */,
			);
			runOnlyForDeploymentPostprocessing = 0;
		};
/* End PBXResourcesBuildPhase section */

/* Begin PBXSourcesBuildPhase section */
		41A08A0E1DD79A770025DB8E /* Sources */ = {
			isa = PBXSourcesBuildPhase;
			buildActionMask = 2147483647;
			files = (
				41A08A181DD79A780025DB8E /* ViewController.swift in Sources */,
				41A08A1E1DD79A780025DB8E /* Dulibui.xcdatamodeld in Sources */,
				41A08A161DD79A780025DB8E /* AppDelegate.swift in Sources */,
			);
			runOnlyForDeploymentPostprocessing = 0;
		};
/* End PBXSourcesBuildPhase section */

/* Begin PBXVariantGroup section */
		41A08A191DD79A780025DB8E /* Main.storyboard */ = {
			isa = PBXVariantGroup;
			children = (
				41A08A1A1DD79A780025DB8E /* Base */,
			);
			name = Main.storyboard;
			sourceTree = "<group>";
		};
		41A08A211DD79A780025DB8E /* LaunchScreen.storyboard */ = {
			isa = PBXVariantGroup;
			children = (
				41A08A221DD79A780025DB8E /* Base */,
			);
			name = LaunchScreen.storyboard;
			sourceTree = "<group>";
		};
/* End PBXVariantGroup section */

/* Begin XCBuildConfiguration section */
		41A08A251DD79A780025DB8E /* Debug */ = {
			isa = XCBuildConfiguration;
			buildSettings = {
				ALWAYS_SEARCH_USER_PATHS = NO;
				CLANG_ANALYZER_NONNULL = YES;
				CLANG_CXX_LANGUAGE_STANDARD = "gnu++0x";
				CLANG_CXX_LIBRARY = "libc++";
				CLANG_ENABLE_MODULES = YES;
				CLANG_ENABLE_OBJC_ARC = YES;
				CLANG_WARN_BOOL_CONVERSION = YES;
				CLANG_WARN_CONSTANT_CONVERSION = YES;
				CLANG_WARN_DIRECT_OBJC_ISA_USAGE = YES_ERROR;
				CLANG_WARN_DOCUMENTATION_COMMENTS = YES;
				CLANG_WARN_EMPTY_BODY = YES;
				CLANG_WARN_ENUM_CONVERSION = YES;
				CLANG_WARN_INFINITE_RECURSION = YES;
				CLANG_WARN_INT_CONVERSION = YES;
				CLANG_WARN_OBJC_ROOT_CLASS = YES_ERROR;
				CLANG_WARN_SUSPICIOUS_MOVES = YES;
				CLANG_WARN_UNREACHABLE_CODE = YES;
				CLANG_WARN__DUPLICATE_METHOD_MATCH = YES;
				"CODE_SIGN_IDENTITY[sdk=iphoneos*]" = "iPhone Developer";
				COPY_PHASE_STRIP = NO;
				DEBUG_INFORMATION_FORMAT = dwarf;
				ENABLE_STRICT_OBJC_MSGSEND = YES;
				ENABLE_TESTABILITY = YES;
				GCC_C_LANGUAGE_STANDARD = gnu99;
				GCC_DYNAMIC_NO_PIC = NO;
				GCC_NO_COMMON_BLOCKS = YES;
				GCC_OPTIMIZATION_LEVEL = 0;
				GCC_PREPROCESSOR_DEFINITIONS = (
					"DEBUG=1",
					"$(inherited)",
				);
				GCC_WARN_64_TO_32_BIT_CONVERSION = YES;
				GCC_WARN_ABOUT_RETURN_TYPE = YES_ERROR;
				GCC_WARN_UNDECLARED_SELECTOR = YES;
				GCC_WARN_UNINITIALIZED_AUTOS = YES_AGGRESSIVE;
				GCC_WARN_UNUSED_FUNCTION = YES;
				GCC_WARN_UNUSED_VARIABLE = YES;
				IPHONEOS_DEPLOYMENT_TARGET = 10.1;
				MTL_ENABLE_DEBUG_INFO = YES;
				ONLY_ACTIVE_ARCH = YES;
				SDKROOT = iphoneos;
				SWIFT_ACTIVE_COMPILATION_CONDITIONS = DEBUG;
				SWIFT_OPTIMIZATION_LEVEL = "-Onone";
			};
			name = Debug;
		};
		41A08A261DD79A780025DB8E /* Release */ = {
			isa = XCBuildConfiguration;
			buildSettings = {
				ALWAYS_SEARCH_USER_PATHS = NO;
				CLANG_ANALYZER_NONNULL = YES;
				CLANG_CXX_LANGUAGE_STANDARD = "gnu++0x";
				CLANG_CXX_LIBRARY = "libc++";
				CLANG_ENABLE_MODULES = YES;
				CLANG_ENABLE_OBJC_ARC = YES;
				CLANG_WARN_BOOL_CONVERSION = YES;
				CLANG_WARN_CONSTANT_CONVERSION = YES;
				CLANG_WARN_DIRECT_OBJC_ISA_USAGE = YES_ERROR;
				CLANG_WARN_DOCUMENTATION_COMMENTS = YES;
				CLANG_WARN_EMPTY_BODY = YES;
				CLANG_WARN_ENUM_CONVERSION = YES;
				CLANG_WARN_INFINITE_RECURSION = YES;
				CLANG_WARN_INT_CONVERSION = YES;
				CLANG_WARN_OBJC_ROOT_CLASS = YES_ERROR;
				CLANG_WARN_SUSPICIOUS_MOVES = YES;
				CLANG_WARN_UNREACHABLE_CODE = YES;
				CLANG_WARN__DUPLICATE_METHOD_MATCH = YES;
				"CODE_SIGN_IDENTITY[sdk=iphoneos*]" = "iPhone Developer";
				COPY_PHASE_STRIP = NO;
				DEBUG_INFORMATION_FORMAT = "dwarf-with-dsym";
				ENABLE_NS_ASSERTIONS = NO;
				ENABLE_STRICT_OBJC_MSGSEND = YES;
				GCC_C_LANGUAGE_STANDARD = gnu99;
				GCC_NO_COMMON_BLOCKS = YES;
				GCC_WARN_64_TO_32_BIT_CONVERSION = YES;
				GCC_WARN_ABOUT_RETURN_TYPE = YES_ERROR;
				GCC_WARN_UNDECLARED_SELECTOR = YES;
				GCC_WARN_UNINITIALIZED_AUTOS = YES_AGGRESSIVE;
				GCC_WARN_UNUSED_FUNCTION = YES;
				GCC_WARN_UNUSED_VARIABLE = YES;
				IPHONEOS_DEPLOYMENT_TARGET = 10.1;
				MTL_ENABLE_DEBUG_INFO = NO;
				SDKROOT = iphoneos;
				SWIFT_OPTIMIZATION_LEVEL = "-Owholemodule";
				VALIDATE_PRODUCT = YES;
			};
			name = Release;
		};
		41A08A281DD79A780025DB8E /* Debug */ = {
			isa = XCBuildConfiguration;
			buildSettings = {
				ASSETCATALOG_COMPILER_APPICON_NAME = AppIcon;
				INFOPLIST_FILE = Dulibui/Info.plist;
				LD_RUNPATH_SEARCH_PATHS = "$(inherited) @executable_path/Frameworks";
				PRODUCT_BUNDLE_IDENTIFIER = com.NguyenNamLong.Dulibui;
				PRODUCT_NAME = "$(TARGET_NAME)";
				SWIFT_VERSION = 3.0;
			};
			name = Debug;
		};
		41A08A291DD79A780025DB8E /* Release */ = {
			isa = XCBuildConfiguration;
			buildSettings = {
				ASSETCATALOG_COMPILER_APPICON_NAME = AppIcon;
				INFOPLIST_FILE = Dulibui/Info.plist;
				LD_RUNPATH_SEARCH_PATHS = "$(inherited) @executable_path/Frameworks";
				PRODUCT_BUNDLE_IDENTIFIER = com.NguyenNamLong.Dulibui;
				PRODUCT_NAME = "$(TARGET_NAME)";
				SWIFT_VERSION = 3.0;
			};
			name = Release;
		};
/* End XCBuildConfiguration section */

/* Begin XCConfigurationList section */
		41A08A0D1DD79A770025DB8E /* Build configuration list for PBXProject "Dulibui" */ = {
			isa = XCConfigurationList;
			buildConfigurations = (
				41A08A251DD79A780025DB8E /* Debug */,
				41A08A261DD79A780025DB8E /* Release */,
			);
			defaultConfigurationIsVisible = 0;
			defaultConfigurationName = Release;
		};
		41A08A271DD79A780025DB8E /* Build configuration list for PBXNativeTarget "Dulibui" */ = {
			isa = XCConfigurationList;
			buildConfigurations = (
				41A08A281DD79A780025DB8E /* Debug */,
				41A08A291DD79A780025DB8E /* Release */,
			);
			defaultConfigurationIsVisible = 0;
		};
/* End XCConfigurationList section */

/* Begin XCVersionGroup section */
		41A08A1C1DD79A780025DB8E /* Dulibui.xcdatamodeld */ = {
			isa = XCVersionGroup;
			children = (
				41A08A1D1DD79A780025DB8E /* Dulibui.xcdatamodel */,
			);
			currentVersion = 41A08A1D1DD79A780025DB8E /* Dulibui.xcdatamodel */;
			path = Dulibui.xcdatamodeld;
			sourceTree = "<group>";
			versionGroupType = wrapper.xcdatamodel;
		};
/* End XCVersionGroup section */
	};
	rootObject = 41A08A0A1DD79A770025DB8E /* Project object */;
}
